// !$*UTF8*$!
{
	archiveVersion = 1;
	classes = {
	};
	objectVersion = 46;
	objects = {

/* Begin PBXBuildFile section */
		D023F8721BE2720200F4E653 /* main.m in Sources */ = {isa = PBXBuildFile; fileRef = D023F8711BE2720200F4E653 /* main.m */; };
		D023F8751BE2720200F4E653 /* AppDelegate.m in Sources */ = {isa = PBXBuildFile; fileRef = D023F8741BE2720200F4E653 /* AppDelegate.m */; };
		D023F8781BE2720200F4E653 /* ViewController.m in Sources */ = {isa = PBXBuildFile; fileRef = D023F8771BE2720200F4E653 /* ViewController.m */; };
		D023F87B1BE2720200F4E653 /* Main.storyboard in Resources */ = {isa = PBXBuildFile; fileRef = D023F8791BE2720200F4E653 /* Main.storyboard */; };
		D023F87D1BE2720200F4E653 /* Images.xcassets in Resources */ = {isa = PBXBuildFile; fileRef = D023F87C1BE2720200F4E653 /* Images.xcassets */; };
		D023F8801BE2720200F4E653 /* LaunchScreen.xib in Resources */ = {isa = PBXBuildFile; fileRef = D023F87E1BE2720200F4E653 /* LaunchScreen.xib */; };
		D023F88C1BE2720200F4E653 /* RitaControlTests.m in Sources */ = {isa = PBXBuildFile; fileRef = D023F88B1BE2720200F4E653 /* RitaControlTests.m */; };
/* End PBXBuildFile section */

/* Begin PBXContainerItemProxy section */
		D023F8861BE2720200F4E653 /* PBXContainerItemProxy */ = {
			isa = PBXContainerItemProxy;
			containerPortal = D023F8641BE2720200F4E653 /* Project object */;
			proxyType = 1;
			remoteGlobalIDString = D023F86B1BE2720200F4E653;
			remoteInfo = RitaControl;
		};
/* End PBXContainerItemProxy section */

/* Begin PBXFileReference section */
		D023F86C1BE2720200F4E653 /* RitaControl.app */ = {isa = PBXFileReference; explicitFileType = wrapper.application; includeInIndex = 0; path = RitaControl.app; sourceTree = BUILT_PRODUCTS_DIR; };
		D023F8701BE2720200F4E653 /* Info.plist */ = {isa = PBXFileReference; lastKnownFileType = text.plist.xml; path = Info.plist; sourceTree = "<group>"; };
		D023F8711BE2720200F4E653 /* main.m */ = {isa = PBXFileReference; lastKnownFileType = sourcecode.c.objc; path = main.m; sourceTree = "<group>"; };
		D023F8731BE2720200F4E653 /* AppDelegate.h */ = {isa = PBXFileReference; lastKnownFileType = sourcecode.c.h; path = AppDelegate.h; sourceTree = "<group>"; };
		D023F8741BE2720200F4E653 /* AppDelegate.m */ = {isa = PBXFileReference; lastKnownFileType = sourcecode.c.objc; path = AppDelegate.m; sourceTree = "<group>"; };
		D023F8761BE2720200F4E653 /* ViewController.h */ = {isa = PBXFileReference; lastKnownFileType = sourcecode.c.h; path = ViewController.h; sourceTree = "<group>"; };
		D023F8771BE2720200F4E653 /* ViewController.m */ = {isa = PBXFileReference; lastKnownFileType = sourcecode.c.objc; path = ViewController.m; sourceTree = "<group>"; };
		D023F87A1BE2720200F4E653 /* Base */ = {isa = PBXFileReference; lastKnownFileType = file.storyboard; name = Base; path = Base.lproj/Main.storyboard; sourceTree = "<group>"; };
		D023F87C1BE2720200F4E653 /* Images.xcassets */ = {isa = PBXFileReference; lastKnownFileType = folder.assetcatalog; path = Images.xcassets; sourceTree = "<group>"; };
		D023F87F1BE2720200F4E653 /* Base */ = {isa = PBXFileReference; lastKnownFileType = file.xib; name = Base; path = Base.lproj/LaunchScreen.xib; sourceTree = "<group>"; };
		D023F8851BE2720200F4E653 /* RitaControlTests.xctest */ = {isa = PBXFileReference; explicitFileType = wrapper.cfbundle; includeInIndex = 0; path = RitaControlTests.xctest; sourceTree = BUILT_PRODUCTS_DIR; };
		D023F88A1BE2720200F4E653 /* Info.plist */ = {isa = PBXFileReference; lastKnownFileType = text.plist.xml; path = Info.plist; sourceTree = "<group>"; };
		D023F88B1BE2720200F4E653 /* RitaControlTests.m */ = {isa = PBXFileReference; lastKnownFileType = sourcecode.c.objc; path = RitaControlTests.m; sourceTree = "<group>"; };
/* End PBXFileReference section */

/* Begin PBXFrameworksBuildPhase section */
		D023F8691BE2720200F4E653 /* Frameworks */ = {
			isa = PBXFrameworksBuildPhase;
			buildActionMask = 2147483647;
			files = (
			);
			runOnlyForDeploymentPostprocessing = 0;
		};
		D023F8821BE2720200F4E653 /* Frameworks */ = {
			isa = PBXFrameworksBuildPhase;
			buildActionMask = 2147483647;
			files = (
			);
			runOnlyForDeploymentPostprocessing = 0;
		};
/* End PBXFrameworksBuildPhase section */

/* Begin PBXGroup section */
		D023F8631BE2720200F4E653 = {
			isa = PBXGroup;
			children = (
				D023F86E1BE2720200F4E653 /* RitaControl */,
				D023F8881BE2720200F4E653 /* RitaControlTests */,
				D023F86D1BE2720200F4E653 /* Products */,
			);
			sourceTree = "<group>";
		};
		D023F86D1BE2720200F4E653 /* Products */ = {
			isa = PBXGroup;
			children = (
				D023F86C1BE2720200F4E653 /* RitaControl.app */,
				D023F8851BE2720200F4E653 /* RitaControlTests.xctest */,
			);
			name = Products;
			sourceTree = "<group>";
		};
		D023F86E1BE2720200F4E653 /* RitaControl */ = {
			isa = PBXGroup;
			children = (
				D023F8731BE2720200F4E653 /* AppDelegate.h */,
				D023F8741BE2720200F4E653 /* AppDelegate.m */,
				D023F8761BE2720200F4E653 /* ViewController.h */,
				D023F8771BE2720200F4E653 /* ViewController.m */,
				D023F8791BE2720200F4E653 /* Main.storyboard */,
				D023F87C1BE2720200F4E653 /* Images.xcassets */,
				D023F87E1BE2720200F4E653 /* LaunchScreen.xib */,
				D023F86F1BE2720200F4E653 /* Supporting Files */,
			);
			path = RitaControl;
			sourceTree = "<group>";
		};
		D023F86F1BE2720200F4E653 /* Supporting Files */ = {
			isa = PBXGroup;
			children = (
				D023F8701BE2720200F4E653 /* Info.plist */,
				D023F8711BE2720200F4E653 /* main.m */,
			);
			name = "Supporting Files";
			sourceTree = "<group>";
		};
		D023F8881BE2720200F4E653 /* RitaControlTests */ = {
			isa = PBXGroup;
			children = (
				D023F88B1BE2720200F4E653 /* RitaControlTests.m */,
				D023F8891BE2720200F4E653 /* Supporting Files */,
			);
			path = RitaControlTests;
			sourceTree = "<group>";
		};
		D023F8891BE2720200F4E653 /* Supporting Files */ = {
			isa = PBXGroup;
			children = (
				D023F88A1BE2720200F4E653 /* Info.plist */,
			);
			name = "Supporting Files";
			sourceTree = "<group>";
		};
/* End PBXGroup section */

/* Begin PBXNativeTarget section */
		D023F86B1BE2720200F4E653 /* RitaControl */ = {
			isa = PBXNativeTarget;
			buildConfigurationList = D023F88F1BE2720200F4E653 /* Build configuration list for PBXNativeTarget "RitaControl" */;
			buildPhases = (
				D023F8681BE2720200F4E653 /* Sources */,
				D023F8691BE2720200F4E653 /* Frameworks */,
				D023F86A1BE2720200F4E653 /* Resources */,
			);
			buildRules = (
			);
			dependencies = (
			);
			name = RitaControl;
			productName = RitaControl;
			productReference = D023F86C1BE2720200F4E653 /* RitaControl.app */;
			productType = "com.apple.product-type.application";
		};
		D023F8841BE2720200F4E653 /* RitaControlTests */ = {
			isa = PBXNativeTarget;
			buildConfigurationList = D023F8921BE2720200F4E653 /* Build configuration list for PBXNativeTarget "RitaControlTests" */;
			buildPhases = (
				D023F8811BE2720200F4E653 /* Sources */,
				D023F8821BE2720200F4E653 /* Frameworks */,
				D023F8831BE2720200F4E653 /* Resources */,
			);
			buildRules = (
			);
			dependencies = (
				D023F8871BE2720200F4E653 /* PBXTargetDependency */,
			);
			name = RitaControlTests;
			productName = RitaControlTests;
			productReference = D023F8851BE2720200F4E653 /* RitaControlTests.xctest */;
			productType = "com.apple.product-type.bundle.unit-test";
		};
/* End PBXNativeTarget section */

/* Begin PBXProject section */
		D023F8641BE2720200F4E653 /* Project object */ = {
			isa = PBXProject;
			attributes = {
				LastUpgradeCheck = 0620;
				ORGANIZATIONNAME = fpmi;
				TargetAttributes = {
					D023F86B1BE2720200F4E653 = {
						CreatedOnToolsVersion = 6.2;
					};
					D023F8841BE2720200F4E653 = {
						CreatedOnToolsVersion = 6.2;
						TestTargetID = D023F86B1BE2720200F4E653;
					};
				};
			};
			buildConfigurationList = D023F8671BE2720200F4E653 /* Build configuration list for PBXProject "RitaControl" */;
			compatibilityVersion = "Xcode 3.2";
			developmentRegion = English;
			hasScannedForEncodings = 0;
			knownRegions = (
				en,
				Base,
			);
			mainGroup = D023F8631BE2720200F4E653;
			productRefGroup = D023F86D1BE2720200F4E653 /* Products */;
			projectDirPath = "";
			projectRoot = "";
			targets = (
				D023F86B1BE2720200F4E653 /* RitaControl */,
				D023F8841BE2720200F4E653 /* RitaControlTests */,
			);
		};
/* End PBXProject section */

/* Begin PBXResourcesBuildPhase section */
		D023F86A1BE2720200F4E653 /* Resources */ = {
			isa = PBXResourcesBuildPhase;
			buildActionMask = 2147483647;
			files = (
				D023F87B1BE2720200F4E653 /* Main.storyboard in Resources */,
				D023F8801BE2720200F4E653 /* LaunchScreen.xib in Resources */,
				D023F87D1BE2720200F4E653 /* Images.xcassets in Resources */,
			);
			runOnlyForDeploymentPostprocessing = 0;
		};
		D023F8831BE2720200F4E653 /* Resources */ = {
			isa = PBXResourcesBuildPhase;
			buildActionMask = 2147483647;
			files = (
			);
			runOnlyForDeploymentPostprocessing = 0;
		};
/* End PBXResourcesBuildPhase section */

/* Begin PBXSourcesBuildPhase section */
		D023F8681BE2720200F4E653 /* Sources */ = {
			isa = PBXSourcesBuildPhase;
			buildActionMask = 2147483647;
			files = (
				D023F8781BE2720200F4E653 /* ViewController.m in Sources */,
				D023F8751BE2720200F4E653 /* AppDelegate.m in Sources */,
				D023F8721BE2720200F4E653 /* main.m in Sources */,
			);
			runOnlyForDeploymentPostprocessing = 0;
		};
		D023F8811BE2720200F4E653 /* Sources */ = {
			isa = PBXSourcesBuildPhase;
			buildActionMask = 2147483647;
			files = (
				D023F88C1BE2720200F4E653 /* RitaControlTests.m in Sources */,
			);
			runOnlyForDeploymentPostprocessing = 0;
		};
/* End PBXSourcesBuildPhase section */

/* Begin PBXTargetDependency section */
		D023F8871BE2720200F4E653 /* PBXTargetDependency */ = {
			isa = PBXTargetDependency;
			target = D023F86B1BE2720200F4E653 /* RitaControl */;
			targetProxy = D023F8861BE2720200F4E653 /* PBXContainerItemProxy */;
		};
/* End PBXTargetDependency section */

/* Begin PBXVariantGroup section */
		D023F8791BE2720200F4E653 /* Main.storyboard */ = {
			isa = PBXVariantGroup;
			children = (
				D023F87A1BE2720200F4E653 /* Base */,
			);
			name = Main.storyboard;
			sourceTree = "<group>";
		};
		D023F87E1BE2720200F4E653 /* LaunchScreen.xib */ = {
			isa = PBXVariantGroup;
			children = (
				D023F87F1BE2720200F4E653 /* Base */,
			);
			name = LaunchScreen.xib;
			sourceTree = "<group>";
		};
/* End PBXVariantGroup section */

/* Begin XCBuildConfiguration section */
		D023F88D1BE2720200F4E653 /* Debug */ = {
			isa = XCBuildConfiguration;
			buildSettings = {
				ALWAYS_SEARCH_USER_PATHS = NO;
				CLANG_CXX_LANGUAGE_STANDARD = "gnu++0x";
				CLANG_CXX_LIBRARY = "libc++";
				CLANG_ENABLE_MODULES = YES;
				CLANG_ENABLE_OBJC_ARC = YES;
				CLANG_WARN_BOOL_CONVERSION = YES;
				CLANG_WARN_CONSTANT_CONVERSION = YES;
				CLANG_WARN_DIRECT_OBJC_ISA_USAGE = YES_ERROR;
				CLANG_WARN_EMPTY_BODY = YES;
				CLANG_WARN_ENUM_CONVERSION = YES;
				CLANG_WARN_INT_CONVERSION = YES;
				CLANG_WARN_OBJC_ROOT_CLASS = YES_ERROR;
				CLANG_WARN_UNREACHABLE_CODE = YES;
				CLANG_WARN__DUPLICATE_METHOD_MATCH = YES;
				"CODE_SIGN_IDENTITY[sdk=iphoneos*]" = "iPhone Developer";
				COPY_PHASE_STRIP = NO;
				ENABLE_STRICT_OBJC_MSGSEND = YES;
				GCC_C_LANGUAGE_STANDARD = gnu99;
				GCC_DYNAMIC_NO_PIC = NO;
				GCC_OPTIMIZATION_LEVEL = 0;
				GCC_PREPROCESSOR_DEFINITIONS = (
					"DEBUG=1",
					"$(inherited)",
				);
				GCC_SYMBOLS_PRIVATE_EXTERN = NO;
				GCC_WARN_64_TO_32_BIT_CONVERSION = YES;
				GCC_WARN_ABOUT_RETURN_TYPE = YES_ERROR;
				GCC_WARN_UNDECLARED_SELECTOR = YES;
				GCC_WARN_UNINITIALIZED_AUTOS = YES_AGGRESSIVE;
				GCC_WARN_UNUSED_FUNCTION = YES;
				GCC_WARN_UNUSED_VARIABLE = YES;
				IPHONEOS_DEPLOYMENT_TARGET = 8.2;
				MTL_ENABLE_DEBUG_INFO = YES;
				ONLY_ACTIVE_ARCH = YES;
				SDKROOT = iphoneos;
			};
			name = Debug;
		};
		D023F88E1BE2720200F4E653 /* Release */ = {
			isa = XCBuildConfiguration;
			buildSettings = {
				ALWAYS_SEARCH_USER_PATHS = NO;
				CLANG_CXX_LANGUAGE_STANDARD = "gnu++0x";
				CLANG_CXX_LIBRARY = "libc++";
				CLANG_ENABLE_MODULES = YES;
				CLANG_ENABLE_OBJC_ARC = YES;
				CLANG_WARN_BOOL_CONVERSION = YES;
				CLANG_WARN_CONSTANT_CONVERSION = YES;
				CLANG_WARN_DIRECT_OBJC_ISA_USAGE = YES_ERROR;
				CLANG_WARN_EMPTY_BODY = YES;
				CLANG_WARN_ENUM_CONVERSION = YES;
				CLANG_WARN_INT_CONVERSION = YES;
				CLANG_WARN_OBJC_ROOT_CLASS = YES_ERROR;
				CLANG_WARN_UNREACHABLE_CODE = YES;
				CLANG_WARN__DUPLICATE_METHOD_MATCH = YES;
				"CODE_SIGN_IDENTITY[sdk=iphoneos*]" = "iPhone Developer";
				COPY_PHASE_STRIP = NO;
				ENABLE_NS_ASSERTIONS = NO;
				ENABLE_STRICT_OBJC_MSGSEND = YES;
				GCC_C_LANGUAGE_STANDARD = gnu99;
				GCC_WARN_64_TO_32_BIT_CONVERSION = YES;
				GCC_WARN_ABOUT_RETURN_TYPE = YES_ERROR;
				GCC_WARN_UNDECLARED_SELECTOR = YES;
				GCC_WARN_UNINITIALIZED_AUTOS = YES_AGGRESSIVE;
				GCC_WARN_UNUSED_FUNCTION = YES;
				GCC_WARN_UNUSED_VARIABLE = YES;
				IPHONEOS_DEPLOYMENT_TARGET = 8.2;
				MTL_ENABLE_DEBUG_INFO = NO;
				SDKROOT = iphoneos;
				VALIDATE_PRODUCT = YES;
			};
			name = Release;
		};
		D023F8901BE2720200F4E653 /* Debug */ = {
			isa = XCBuildConfiguration;
			buildSettings = {
				ASSETCATALOG_COMPILER_APPICON_NAME = AppIcon;
				INFOPLIST_FILE = RitaControl/Info.plist;
				LD_RUNPATH_SEARCH_PATHS = "$(inherited) @executable_path/Frameworks";
				PRODUCT_NAME = "$(TARGET_NAME)";
			};
			name = Debug;
		};
		D023F8911BE2720200F4E653 /* Release */ = {
			isa = XCBuildConfiguration;
			buildSettings = {
				ASSETCATALOG_COMPILER_APPICON_NAME = AppIcon;
				INFOPLIST_FILE = RitaControl/Info.plist;
				LD_RUNPATH_SEARCH_PATHS = "$(inherited) @executable_path/Frameworks";
				PRODUCT_NAME = "$(TARGET_NAME)";
			};
			name = Release;
		};
		D023F8931BE2720200F4E653 /* Debug */ = {
			isa = XCBuildConfiguration;
			buildSettings = {
				BUNDLE_LOADER = "$(TEST_HOST)";
				FRAMEWORK_SEARCH_PATHS = (
					"$(SDKROOT)/Developer/Library/Frameworks",
					"$(inherited)",
				);
				GCC_PREPROCESSOR_DEFINITIONS = (
					"DEBUG=1",
					"$(inherited)",
				);
				INFOPLIST_FILE = RitaControlTests/Info.plist;
				LD_RUNPATH_SEARCH_PATHS = "$(inherited) @executable_path/Frameworks @loader_path/Frameworks";
				PRODUCT_NAME = "$(TARGET_NAME)";
				TEST_HOST = "$(BUILT_PRODUCTS_DIR)/RitaControl.app/RitaControl";
			};
			name = Debug;
		};
		D023F8941BE2720200F4E653 /* Release */ = {
			isa = XCBuildConfiguration;
			buildSettings = {
				BUNDLE_LOADER = "$(TEST_HOST)";
				FRAMEWORK_SEARCH_PATHS = (
					"$(SDKROOT)/Developer/Library/Frameworks",
					"$(inherited)",
				);
				INFOPLIST_FILE = RitaControlTests/Info.plist;
				LD_RUNPATH_SEARCH_PATHS = "$(inherited) @executable_path/Frameworks @loader_path/Frameworks";
				PRODUCT_NAME = "$(TARGET_NAME)";
				TEST_HOST = "$(BUILT_PRODUCTS_DIR)/RitaControl.app/RitaControl";
			};
			name = Release;
		};
/* End XCBuildConfiguration section */

/* Begin XCConfigurationList section */
		D023F8671BE2720200F4E653 /* Build configuration list for PBXProject "RitaControl" */ = {
			isa = XCConfigurationList;
			buildConfigurations = (
				D023F88D1BE2720200F4E653 /* Debug */,
				D023F88E1BE2720200F4E653 /* Release */,
			);
			defaultConfigurationIsVisible = 0;
			defaultConfigurationName = Release;
		};
		D023F88F1BE2720200F4E653 /* Build configuration list for PBXNativeTarget "RitaControl" */ = {
			isa = XCConfigurationList;
			buildConfigurations = (
				D023F8901BE2720200F4E653 /* Debug */,
				D023F8911BE2720200F4E653 /* Release */,
			);
			defaultConfigurationIsVisible = 0;
		};
		D023F8921BE2720200F4E653 /* Build configuration list for PBXNativeTarget "RitaControlTests" */ = {
			isa = XCConfigurationList;
			buildConfigurations = (
				D023F8931BE2720200F4E653 /* Debug */,
				D023F8941BE2720200F4E653 /* Release */,
			);
			defaultConfigurationIsVisible = 0;
		};
/* End XCConfigurationList section */
	};
	rootObject = D023F8641BE2720200F4E653 /* Project object */;
}
